
Microsoft Visual Studio Solution File, Format Version 12.00
# Visual Studio 14
VisualStudioVersion = 14.0.23107.0
MinimumVisualStudioVersion = 10.0.40219.1
Project("{FAE04EC0-301F-11D3-BF4B-00C04F79EFBC}") = "LIB_HomeMaticXmlApi", "LIB_HomeMaticXmlApi\LIB_HomeMaticXmlApi.csproj", "{233BD58B-5EBB-4324-8329-648F40671AF7}"
EndProject
Project("{FAE04EC0-301F-11D3-BF4B-00C04F79EFBC}") = "TST_HomeMaticXmlApi", "TST_HomeMaticXmlApi\TST_HomeMaticXmlApi.csproj", "{2F9CA94A-51F8-4D56-9729-8B64F3709DE5}"
EndProject
Global
	GlobalSection(SolutionConfigurationPlatforms) = preSolution
		Debug|Any CPU = Debug|Any CPU
		Release|Any CPU = Release|Any CPU
	EndGlobalSection
	GlobalSection(ProjectConfigurationPlatforms) = postSolution
		{233BD58B-5EBB-4324-8329-648F40671AF7}.Debug|Any CPU.ActiveCfg = Debug|Any CPU
		{233BD58B-5EBB-4324-8329-648F40671AF7}.Debug|Any CPU.Build.0 = Debug|Any CPU
		{233BD58B-5EBB-4324-8329-648F40671AF7}.Release|Any CPU.ActiveCfg = Release|Any CPU
		{233BD58B-5EBB-4324-8329-648F40671AF7}.Release|Any CPU.Build.0 = Release|Any CPU
		{2F9CA94A-51F8-4D56-9729-8B64F3709DE5}.Debug|Any CPU.ActiveCfg = Debug|Any CPU
		{2F9CA94A-51F8-4D56-9729-8B64F3709DE5}.Debug|Any CPU.Build.0 = Debug|Any CPU
		{2F9CA94A-51F8-4D56-9729-8B64F3709DE5}.Release|Any CPU.ActiveCfg = Release|Any CPU
		{2F9CA94A-51F8-4D56-9729-8B64F3709DE5}.Release|Any CPU.Build.0 = Release|Any CPU
	EndGlobalSection
	GlobalSection(SolutionProperties) = preSolution
		HideSolutionNode = FALSE
	EndGlobalSection
EndGlobal
